
Microsoft Visual Studio Solution File, Format Version 12.00
# Visual Studio Version 17
VisualStudioVersion = 17.0.31611.283
MinimumVisualStudioVersion = 10.0.40219.1
Project("{9A19103F-16F7-4668-BE54-9A1E7A4F7556}") = "WffnEmsMaui", "WffnEmsMaui\WffnEmsMaui.csproj", "{EC1DD573-46AA-4729-89F3-1BCD2328A168}"
EndProject
Project("{9A19103F-16F7-4668-BE54-9A1E7A4F7556}") = "WffnEmsMaui.Domain", "WffnEmsMaui.Domain\WffnEmsMaui.Domain.csproj", "{E6D492AC-5574-4889-96E2-D7809E5987FA}"
EndProject
Project("{9A19103F-16F7-4668-BE54-9A1E7A4F7556}") = "WffnEmsMaui.Test", "WffnEmsMaui.Test\WffnEmsMaui.Test.csproj", "{A73FABEE-0262-4F3B-97AE-7C81A70112CE}"
EndProject
Global
	GlobalSection(SolutionConfigurationPlatforms) = preSolution
		Debug|Any CPU = Debug|Any CPU
		Release|Any CPU = Release|Any CPU
	EndGlobalSection
	GlobalSection(ProjectConfigurationPlatforms) = postSolution
		{EC1DD573-46AA-4729-89F3-1BCD2328A168}.Debug|Any CPU.ActiveCfg = Debug|Any CPU
		{EC1DD573-46AA-4729-89F3-1BCD2328A168}.Debug|Any CPU.Build.0 = Debug|Any CPU
		{EC1DD573-46AA-4729-89F3-1BCD2328A168}.Debug|Any CPU.Deploy.0 = Debug|Any CPU
		{EC1DD573-46AA-4729-89F3-1BCD2328A168}.Release|Any CPU.ActiveCfg = Release|Any CPU
		{EC1DD573-46AA-4729-89F3-1BCD2328A168}.Release|Any CPU.Build.0 = Release|Any CPU
		{EC1DD573-46AA-4729-89F3-1BCD2328A168}.Release|Any CPU.Deploy.0 = Release|Any CPU
		{E6D492AC-5574-4889-96E2-D7809E5987FA}.Debug|Any CPU.ActiveCfg = Debug|Any CPU
		{E6D492AC-5574-4889-96E2-D7809E5987FA}.Debug|Any CPU.Build.0 = Debug|Any CPU
		{E6D492AC-5574-4889-96E2-D7809E5987FA}.Release|Any CPU.ActiveCfg = Release|Any CPU
		{E6D492AC-5574-4889-96E2-D7809E5987FA}.Release|Any CPU.Build.0 = Release|Any CPU
		{A73FABEE-0262-4F3B-97AE-7C81A70112CE}.Debug|Any CPU.ActiveCfg = Debug|Any CPU
		{A73FABEE-0262-4F3B-97AE-7C81A70112CE}.Debug|Any CPU.Build.0 = Debug|Any CPU
		{A73FABEE-0262-4F3B-97AE-7C81A70112CE}.Release|Any CPU.ActiveCfg = Release|Any CPU
		{A73FABEE-0262-4F3B-97AE-7C81A70112CE}.Release|Any CPU.Build.0 = Release|Any CPU
	EndGlobalSection
	GlobalSection(SolutionProperties) = preSolution
		HideSolutionNode = FALSE
	EndGlobalSection
	GlobalSection(ExtensibilityGlobals) = postSolution
		SolutionGuid = {61F7FB11-1E47-470C-91E2-47F8143E1572}
	EndGlobalSection
EndGlobal
